// !$*UTF8*$!
{
	archiveVersion = 1;
	classes = {
	};
	objectVersion = 77;
	objects = {

/* Begin PBXBuildFile section */
		1C7E8AC39206517F0CB31F1C /* MessageRowView.swift in Sources */ = {isa = PBXBuildFile; fileRef = 9F42482B3B96A2D8406B178A /* MessageRowView.swift */; };
		28BEEB1C289085224D04E317 /* AppCore in Frameworks */ = {isa = PBXBuildFile; productRef = 94C94C890571A31792889087 /* AppCore */; };
		2F362716F617DEBDC2F97C9E /* AgentRelayMacApp.swift in Sources */ = {isa = PBXBuildFile; fileRef = A881D4F6A1BCE835EF717A42 /* AgentRelayMacApp.swift */; };
		30C26E326593A323A4DD6D68 /* HandoffCardView.swift in Sources */ = {isa = PBXBuildFile; fileRef = BA1F7DB0B3BB1B21EE55589A /* HandoffCardView.swift */; };
		32A8BDFCA79C1B6F821669DA /* AppModel.swift in Sources */ = {isa = PBXBuildFile; fileRef = B747CF69BE31285160DE79DB /* AppModel.swift */; };
		4817112EF8061BCDF2777885 /* ThreadListView.swift in Sources */ = {isa = PBXBuildFile; fileRef = D77A6E1A0AE962A1DF6F75B3 /* ThreadListView.swift */; };
		6DC8798C66A049C26D0862D3 /* ProjectDetailView.swift in Sources */ = {isa = PBXBuildFile; fileRef = 4D2AFEAAFC967E087CD59788 /* ProjectDetailView.swift */; };
		91CAB4885E67A554028CA912 /* SidebarView.swift in Sources */ = {isa = PBXBuildFile; fileRef = 0F9C5D88B20A5CA696AA6C2F /* SidebarView.swift */; };
		9DC7053FBF59291E7EC2BC59 /* ThreadDetailViewModel.swift in Sources */ = {isa = PBXBuildFile; fileRef = 5A3DE9CC742225720E435EFA /* ThreadDetailViewModel.swift */; };
		9FFFA47E3F2D62C8793A13BC /* ThreadDetailView.swift in Sources */ = {isa = PBXBuildFile; fileRef = C317BDAD215B6B2B2D675448 /* ThreadDetailView.swift */; };
		A99C19ADAD31B8C8A6D36643 /* ProjectListView.swift in Sources */ = {isa = PBXBuildFile; fileRef = 2F67A4B75FB04594B5BE565B /* ProjectListView.swift */; };
		AD47D3AF426AD5E8C90E38E1 /* HandoffComposerView.swift in Sources */ = {isa = PBXBuildFile; fileRef = D5F981D5DAC98743FAA0430F /* HandoffComposerView.swift */; };
		C1AA061F1844E0A077C4653F /* ServiceStatusView.swift in Sources */ = {isa = PBXBuildFile; fileRef = 7D70FADDC2163DFE1AAF25A1 /* ServiceStatusView.swift */; };
		D23BE3F0958D43F7FD356B66 /* PreviewData.swift in Sources */ = {isa = PBXBuildFile; fileRef = 8EEE994B91CF64DC6A31E728 /* PreviewData.swift */; };
		E21137A6210C3188016D30D5 /* EventStreamClient.swift in Sources */ = {isa = PBXBuildFile; fileRef = 1451F1AFACD890A04E900004 /* EventStreamClient.swift */; };
		F9813CFE6D1831AAAD26C911 /* ProjectDetailViewModel.swift in Sources */ = {isa = PBXBuildFile; fileRef = 80E9895FD9672C6DF0BB3329 /* ProjectDetailViewModel.swift */; };
		FB992B9BDF5F68DE71395FB6 /* AppAPIClient.swift in Sources */ = {isa = PBXBuildFile; fileRef = BA8022A0F5FB1AEFAA742D47 /* AppAPIClient.swift */; };
/* End PBXBuildFile section */

/* Begin PBXFileReference section */
		0F9C5D88B20A5CA696AA6C2F /* SidebarView.swift */ = {isa = PBXFileReference; lastKnownFileType = sourcecode.swift; path = SidebarView.swift; sourceTree = "<group>"; };
		1451F1AFACD890A04E900004 /* EventStreamClient.swift */ = {isa = PBXFileReference; lastKnownFileType = sourcecode.swift; path = EventStreamClient.swift; sourceTree = "<group>"; };
		2F67A4B75FB04594B5BE565B /* ProjectListView.swift */ = {isa = PBXFileReference; lastKnownFileType = sourcecode.swift; path = ProjectListView.swift; sourceTree = "<group>"; };
		4A03EFC8E7FE0FD61CECD6B1 /* AgentRelayMac.app */ = {isa = PBXFileReference; explicitFileType = wrapper.application; includeInIndex = 0; path = AgentRelayMac.app; sourceTree = BUILT_PRODUCTS_DIR; };
		4D2AFEAAFC967E087CD59788 /* ProjectDetailView.swift */ = {isa = PBXFileReference; lastKnownFileType = sourcecode.swift; path = ProjectDetailView.swift; sourceTree = "<group>"; };
		5A3DE9CC742225720E435EFA /* ThreadDetailViewModel.swift */ = {isa = PBXFileReference; lastKnownFileType = sourcecode.swift; path = ThreadDetailViewModel.swift; sourceTree = "<group>"; };
		715A81B5177B191D79B24AC8 /* agent-relay */ = {isa = PBXFileReference; lastKnownFileType = folder; name = "agent-relay"; path = .; sourceTree = SOURCE_ROOT; };
		7D70FADDC2163DFE1AAF25A1 /* ServiceStatusView.swift */ = {isa = PBXFileReference; lastKnownFileType = sourcecode.swift; path = ServiceStatusView.swift; sourceTree = "<group>"; };
		80E9895FD9672C6DF0BB3329 /* ProjectDetailViewModel.swift */ = {isa = PBXFileReference; lastKnownFileType = sourcecode.swift; path = ProjectDetailViewModel.swift; sourceTree = "<group>"; };
		8EEE994B91CF64DC6A31E728 /* PreviewData.swift */ = {isa = PBXFileReference; lastKnownFileType = sourcecode.swift; path = PreviewData.swift; sourceTree = "<group>"; };
		9F42482B3B96A2D8406B178A /* MessageRowView.swift */ = {isa = PBXFileReference; lastKnownFileType = sourcecode.swift; path = MessageRowView.swift; sourceTree = "<group>"; };
		A881D4F6A1BCE835EF717A42 /* AgentRelayMacApp.swift */ = {isa = PBXFileReference; lastKnownFileType = sourcecode.swift; path = AgentRelayMacApp.swift; sourceTree = "<group>"; };
		B747CF69BE31285160DE79DB /* AppModel.swift */ = {isa = PBXFileReference; lastKnownFileType = sourcecode.swift; path = AppModel.swift; sourceTree = "<group>"; };
		BA1F7DB0B3BB1B21EE55589A /* HandoffCardView.swift */ = {isa = PBXFileReference; lastKnownFileType = sourcecode.swift; path = HandoffCardView.swift; sourceTree = "<group>"; };
		BA8022A0F5FB1AEFAA742D47 /* AppAPIClient.swift */ = {isa = PBXFileReference; lastKnownFileType = sourcecode.swift; path = AppAPIClient.swift; sourceTree = "<group>"; };
		C317BDAD215B6B2B2D675448 /* ThreadDetailView.swift */ = {isa = PBXFileReference; lastKnownFileType = sourcecode.swift; path = ThreadDetailView.swift; sourceTree = "<group>"; };
		D5F981D5DAC98743FAA0430F /* HandoffComposerView.swift */ = {isa = PBXFileReference; lastKnownFileType = sourcecode.swift; path = HandoffComposerView.swift; sourceTree = "<group>"; };
		D77A6E1A0AE962A1DF6F75B3 /* ThreadListView.swift */ = {isa = PBXFileReference; lastKnownFileType = sourcecode.swift; path = ThreadListView.swift; sourceTree = "<group>"; };
/* End PBXFileReference section */

/* Begin PBXFrameworksBuildPhase section */
		5CE3A58B7C734EBD5E6BBD0C /* Frameworks */ = {
			isa = PBXFrameworksBuildPhase;
			buildActionMask = 2147483647;
			files = (
				28BEEB1C289085224D04E317 /* AppCore in Frameworks */,
			);
			runOnlyForDeploymentPostprocessing = 0;
		};
/* End PBXFrameworksBuildPhase section */

/* Begin PBXGroup section */
		1D0E1E5469D088B1DC3958C8 /* Projects */ = {
			isa = PBXGroup;
			children = (
				4D2AFEAAFC967E087CD59788 /* ProjectDetailView.swift */,
				2F67A4B75FB04594B5BE565B /* ProjectListView.swift */,
			);
			path = Projects;
			sourceTree = "<group>";
		};
		1E06AB2F63E9BA2F5889B7ED /* Status */ = {
			isa = PBXGroup;
			children = (
				7D70FADDC2163DFE1AAF25A1 /* ServiceStatusView.swift */,
			);
			path = Status;
			sourceTree = "<group>";
		};
		24F547517C0A78AA440AC51A /* ViewModels */ = {
			isa = PBXGroup;
			children = (
				80E9895FD9672C6DF0BB3329 /* ProjectDetailViewModel.swift */,
				5A3DE9CC742225720E435EFA /* ThreadDetailViewModel.swift */,
			);
			path = ViewModels;
			sourceTree = "<group>";
		};
		344BD28D5B89FBD9A11D7795 /* Preview */ = {
			isa = PBXGroup;
			children = (
				8EEE994B91CF64DC6A31E728 /* PreviewData.swift */,
			);
			path = Preview;
			sourceTree = "<group>";
		};
		62F630232139E0F8F79E227B /* Products */ = {
			isa = PBXGroup;
			children = (
				4A03EFC8E7FE0FD61CECD6B1 /* AgentRelayMac.app */,
			);
			name = Products;
			sourceTree = "<group>";
		};
		894D58B8C9E55747FEADDC01 /* Handoffs */ = {
			isa = PBXGroup;
			children = (
				BA1F7DB0B3BB1B21EE55589A /* HandoffCardView.swift */,
				D5F981D5DAC98743FAA0430F /* HandoffComposerView.swift */,
			);
			path = Handoffs;
			sourceTree = "<group>";
		};
		A86A068FDE81102040A0C02C /* API */ = {
			isa = PBXGroup;
			children = (
				BA8022A0F5FB1AEFAA742D47 /* AppAPIClient.swift */,
				1451F1AFACD890A04E900004 /* EventStreamClient.swift */,
			);
			path = API;
			sourceTree = "<group>";
		};
		AB9421D35F5B62BC330EE30B /* Sidebar */ = {
			isa = PBXGroup;
			children = (
				0F9C5D88B20A5CA696AA6C2F /* SidebarView.swift */,
			);
			path = Sidebar;
			sourceTree = "<group>";
		};
		B0BF47E3BD6BFFEEABF24F73 /* MacApp */ = {
			isa = PBXGroup;
			children = (
				A881D4F6A1BCE835EF717A42 /* AgentRelayMacApp.swift */,
				B747CF69BE31285160DE79DB /* AppModel.swift */,
				A86A068FDE81102040A0C02C /* API */,
				894D58B8C9E55747FEADDC01 /* Handoffs */,
				344BD28D5B89FBD9A11D7795 /* Preview */,
				1D0E1E5469D088B1DC3958C8 /* Projects */,
				AB9421D35F5B62BC330EE30B /* Sidebar */,
				1E06AB2F63E9BA2F5889B7ED /* Status */,
				F510075207C743F604531542 /* Threads */,
				24F547517C0A78AA440AC51A /* ViewModels */,
			);
			name = MacApp;
			path = App/MacApp;
			sourceTree = "<group>";
		};
		C41912913EC6FF0977B639EA /* Packages */ = {
			isa = PBXGroup;
			children = (
				715A81B5177B191D79B24AC8 /* agent-relay */,
			);
			name = Packages;
			sourceTree = "<group>";
		};
		D89CBA5AE5A9DBB05F7474A6 = {
			isa = PBXGroup;
			children = (
				B0BF47E3BD6BFFEEABF24F73 /* MacApp */,
				C41912913EC6FF0977B639EA /* Packages */,
				62F630232139E0F8F79E227B /* Products */,
			);
			sourceTree = "<group>";
		};
		F510075207C743F604531542 /* Threads */ = {
			isa = PBXGroup;
			children = (
				9F42482B3B96A2D8406B178A /* MessageRowView.swift */,
				C317BDAD215B6B2B2D675448 /* ThreadDetailView.swift */,
				D77A6E1A0AE962A1DF6F75B3 /* ThreadListView.swift */,
			);
			path = Threads;
			sourceTree = "<group>";
		};
/* End PBXGroup section */

/* Begin PBXNativeTarget section */
		5C1126C364C152F2905EA5E7 /* AgentRelayMac */ = {
			isa = PBXNativeTarget;
			buildConfigurationList = 1677EDD3913ADA023DAF2AE9 /* Build configuration list for PBXNativeTarget "AgentRelayMac" */;
			buildPhases = (
				FFA57FC7D2E5908CB3E63B7B /* Sources */,
				5CE3A58B7C734EBD5E6BBD0C /* Frameworks */,
			);
			buildRules = (
			);
			dependencies = (
			);
			name = AgentRelayMac;
			packageProductDependencies = (
				94C94C890571A31792889087 /* AppCore */,
			);
			productName = AgentRelayMac;
			productReference = 4A03EFC8E7FE0FD61CECD6B1 /* AgentRelayMac.app */;
			productType = "com.apple.product-type.application";
		};
/* End PBXNativeTarget section */

/* Begin PBXProject section */
		B3791AC610DC5631ADAF898C /* Project object */ = {
			isa = PBXProject;
			attributes = {
				BuildIndependentTargetsInParallel = YES;
				LastUpgradeCheck = 1430;
			};
			buildConfigurationList = 9FDA22DEAC14A617B3DE75F2 /* Build configuration list for PBXProject "AgentRelay" */;
			compatibilityVersion = "Xcode 14.0";
			developmentRegion = en;
			hasScannedForEncodings = 0;
			knownRegions = (
				Base,
				en,
			);
			mainGroup = D89CBA5AE5A9DBB05F7474A6;
			minimizedProjectReferenceProxies = 1;
			packageReferences = (
				6A26AD84AEDB8CC3EF7830A0 /* XCLocalSwiftPackageReference "." */,
			);
			preferredProjectObjectVersion = 77;
			projectDirPath = "";
			projectRoot = "";
			targets = (
				5C1126C364C152F2905EA5E7 /* AgentRelayMac */,
			);
		};
/* End PBXProject section */

/* Begin PBXSourcesBuildPhase section */
		FFA57FC7D2E5908CB3E63B7B /* Sources */ = {
			isa = PBXSourcesBuildPhase;
			buildActionMask = 2147483647;
			files = (
				2F362716F617DEBDC2F97C9E /* AgentRelayMacApp.swift in Sources */,
				FB992B9BDF5F68DE71395FB6 /* AppAPIClient.swift in Sources */,
				32A8BDFCA79C1B6F821669DA /* AppModel.swift in Sources */,
				E21137A6210C3188016D30D5 /* EventStreamClient.swift in Sources */,
				30C26E326593A323A4DD6D68 /* HandoffCardView.swift in Sources */,
				AD47D3AF426AD5E8C90E38E1 /* HandoffComposerView.swift in Sources */,
				1C7E8AC39206517F0CB31F1C /* MessageRowView.swift in Sources */,
				D23BE3F0958D43F7FD356B66 /* PreviewData.swift in Sources */,
				6DC8798C66A049C26D0862D3 /* ProjectDetailView.swift in Sources */,
				F9813CFE6D1831AAAD26C911 /* ProjectDetailViewModel.swift in Sources */,
				A99C19ADAD31B8C8A6D36643 /* ProjectListView.swift in Sources */,
				C1AA061F1844E0A077C4653F /* ServiceStatusView.swift in Sources */,
				91CAB4885E67A554028CA912 /* SidebarView.swift in Sources */,
				9FFFA47E3F2D62C8793A13BC /* ThreadDetailView.swift in Sources */,
				9DC7053FBF59291E7EC2BC59 /* ThreadDetailViewModel.swift in Sources */,
				4817112EF8061BCDF2777885 /* ThreadListView.swift in Sources */,
			);
			runOnlyForDeploymentPostprocessing = 0;
		};
/* End PBXSourcesBuildPhase section */

/* Begin XCBuildConfiguration section */
		2E63F9B33D2F19868FA46C14 /* Release */ = {
			isa = XCBuildConfiguration;
			buildSettings = {
				ASSETCATALOG_COMPILER_APPICON_NAME = AppIcon;
				COMBINE_HIDPI_IMAGES = YES;
				GENERATE_INFOPLIST_FILE = YES;
				LD_RUNPATH_SEARCH_PATHS = (
					"$(inherited)",
					"@executable_path/../Frameworks",
				);
				PRODUCT_BUNDLE_IDENTIFIER = com.bash.AgentRelayMac;
				SDKROOT = macosx;
			};
			name = Release;
		};
		50B9A87C812FB623FB34F772 /* Debug */ = {
			isa = XCBuildConfiguration;
			buildSettings = {
				ASSETCATALOG_COMPILER_APPICON_NAME = AppIcon;
				COMBINE_HIDPI_IMAGES = YES;
				GENERATE_INFOPLIST_FILE = YES;
				LD_RUNPATH_SEARCH_PATHS = (
					"$(inherited)",
					"@executable_path/../Frameworks",
				);
				PRODUCT_BUNDLE_IDENTIFIER = com.bash.AgentRelayMac;
				SDKROOT = macosx;
			};
			name = Debug;
		};
		7CCF8500DA427A60908D7545 /* Release */ = {
			isa = XCBuildConfiguration;
			buildSettings = {
				ALWAYS_SEARCH_USER_PATHS = NO;
				CLANG_ANALYZER_NONNULL = YES;
				CLANG_ANALYZER_NUMBER_OBJECT_CONVERSION = YES_AGGRESSIVE;
				CLANG_CXX_LANGUAGE_STANDARD = "gnu++14";
				CLANG_CXX_LIBRARY = "libc++";
				CLANG_ENABLE_MODULES = YES;
				CLANG_ENABLE_OBJC_ARC = YES;
				CLANG_ENABLE_OBJC_WEAK = YES;
				CLANG_WARN_BLOCK_CAPTURE_AUTORELEASING = YES;
				CLANG_WARN_BOOL_CONVERSION = YES;
				CLANG_WARN_COMMA = YES;
				CLANG_WARN_CONSTANT_CONVERSION = YES;
				CLANG_WARN_DEPRECATED_OBJC_IMPLEMENTATIONS = YES;
				CLANG_WARN_DIRECT_OBJC_ISA_USAGE = YES_ERROR;
				CLANG_WARN_DOCUMENTATION_COMMENTS = YES;
				CLANG_WARN_EMPTY_BODY = YES;
				CLANG_WARN_ENUM_CONVERSION = YES;
				CLANG_WARN_INFINITE_RECURSION = YES;
				CLANG_WARN_INT_CONVERSION = YES;
				CLANG_WARN_NON_LITERAL_NULL_CONVERSION = YES;
				CLANG_WARN_OBJC_IMPLICIT_RETAIN_SELF = YES;
				CLANG_WARN_OBJC_LITERAL_CONVERSION = YES;
				CLANG_WARN_OBJC_ROOT_CLASS = YES_ERROR;
				CLANG_WARN_QUOTED_INCLUDE_IN_FRAMEWORK_HEADER = YES;
				CLANG_WARN_RANGE_LOOP_ANALYSIS = YES;
				CLANG_WARN_STRICT_PROTOTYPES = YES;
				CLANG_WARN_SUSPICIOUS_MOVE = YES;
				CLANG_WARN_UNGUARDED_AVAILABILITY = YES_AGGRESSIVE;
				CLANG_WARN_UNREACHABLE_CODE = YES;
				CLANG_WARN__DUPLICATE_METHOD_MATCH = YES;
				COPY_PHASE_STRIP = NO;
				DEBUG_INFORMATION_FORMAT = "dwarf-with-dsym";
				ENABLE_NS_ASSERTIONS = NO;
				ENABLE_STRICT_OBJC_MSGSEND = YES;
				GCC_C_LANGUAGE_STANDARD = gnu11;
				GCC_NO_COMMON_BLOCKS = YES;
				GCC_WARN_64_TO_32_BIT_CONVERSION = YES;
				GCC_WARN_ABOUT_RETURN_TYPE = YES_ERROR;
				GCC_WARN_UNDECLARED_SELECTOR = YES;
				GCC_WARN_UNINITIALIZED_AUTOS = YES_AGGRESSIVE;
				GCC_WARN_UNUSED_FUNCTION = YES;
				GCC_WARN_UNUSED_VARIABLE = YES;
				MTL_ENABLE_DEBUG_INFO = NO;
				MTL_FAST_MATH = YES;
				PRODUCT_NAME = "$(TARGET_NAME)";
				SDKROOT = macosx;
				SWIFT_COMPILATION_MODE = wholemodule;
				SWIFT_OPTIMIZATION_LEVEL = "-O";
				SWIFT_VERSION = 5.0;
			};
			name = Release;
		};
		FBB68857FCF8B08E1EC8B38A /* Debug */ = {
			isa = XCBuildConfiguration;
			buildSettings = {
				ALWAYS_SEARCH_USER_PATHS = NO;
				CLANG_ANALYZER_NONNULL = YES;
				CLANG_ANALYZER_NUMBER_OBJECT_CONVERSION = YES_AGGRESSIVE;
				CLANG_CXX_LANGUAGE_STANDARD = "gnu++14";
				CLANG_CXX_LIBRARY = "libc++";
				CLANG_ENABLE_MODULES = YES;
				CLANG_ENABLE_OBJC_ARC = YES;
				CLANG_ENABLE_OBJC_WEAK = YES;
				CLANG_WARN_BLOCK_CAPTURE_AUTORELEASING = YES;
				CLANG_WARN_BOOL_CONVERSION = YES;
				CLANG_WARN_COMMA = YES;
				CLANG_WARN_CONSTANT_CONVERSION = YES;
				CLANG_WARN_DEPRECATED_OBJC_IMPLEMENTATIONS = YES;
				CLANG_WARN_DIRECT_OBJC_ISA_USAGE = YES_ERROR;
				CLANG_WARN_DOCUMENTATION_COMMENTS = YES;
				CLANG_WARN_EMPTY_BODY = YES;
				CLANG_WARN_ENUM_CONVERSION = YES;
				CLANG_WARN_INFINITE_RECURSION = YES;
				CLANG_WARN_INT_CONVERSION = YES;
				CLANG_WARN_NON_LITERAL_NULL_CONVERSION = YES;
				CLANG_WARN_OBJC_IMPLICIT_RETAIN_SELF = YES;
				CLANG_WARN_OBJC_LITERAL_CONVERSION = YES;
				CLANG_WARN_OBJC_ROOT_CLASS = YES_ERROR;
				CLANG_WARN_QUOTED_INCLUDE_IN_FRAMEWORK_HEADER = YES;
				CLANG_WARN_RANGE_LOOP_ANALYSIS = YES;
				CLANG_WARN_STRICT_PROTOTYPES = YES;
				CLANG_WARN_SUSPICIOUS_MOVE = YES;
				CLANG_WARN_UNGUARDED_AVAILABILITY = YES_AGGRESSIVE;
				CLANG_WARN_UNREACHABLE_CODE = YES;
				CLANG_WARN__DUPLICATE_METHOD_MATCH = YES;
				COPY_PHASE_STRIP = NO;
				DEBUG_INFORMATION_FORMAT = dwarf;
				ENABLE_STRICT_OBJC_MSGSEND = YES;
				ENABLE_TESTABILITY = YES;
				GCC_C_LANGUAGE_STANDARD = gnu11;
				GCC_DYNAMIC_NO_PIC = NO;
				GCC_NO_COMMON_BLOCKS = YES;
				GCC_OPTIMIZATION_LEVEL = 0;
				GCC_PREPROCESSOR_DEFINITIONS = (
					"$(inherited)",
					"DEBUG=1",
				);
				GCC_WARN_64_TO_32_BIT_CONVERSION = YES;
				GCC_WARN_ABOUT_RETURN_TYPE = YES_ERROR;
				GCC_WARN_UNDECLARED_SELECTOR = YES;
				GCC_WARN_UNINITIALIZED_AUTOS = YES_AGGRESSIVE;
				GCC_WARN_UNUSED_FUNCTION = YES;
				GCC_WARN_UNUSED_VARIABLE = YES;
				MTL_ENABLE_DEBUG_INFO = INCLUDE_SOURCE;
				MTL_FAST_MATH = YES;
				ONLY_ACTIVE_ARCH = YES;
				PRODUCT_NAME = "$(TARGET_NAME)";
				SDKROOT = macosx;
				SWIFT_ACTIVE_COMPILATION_CONDITIONS = DEBUG;
				SWIFT_OPTIMIZATION_LEVEL = "-Onone";
				SWIFT_VERSION = 5.0;
			};
			name = Debug;
		};
/* End XCBuildConfiguration section */

/* Begin XCConfigurationList section */
		1677EDD3913ADA023DAF2AE9 /* Build configuration list for PBXNativeTarget "AgentRelayMac" */ = {
			isa = XCConfigurationList;
			buildConfigurations = (
				50B9A87C812FB623FB34F772 /* Debug */,
				2E63F9B33D2F19868FA46C14 /* Release */,
			);
			defaultConfigurationIsVisible = 0;
			defaultConfigurationName = Debug;
		};
		9FDA22DEAC14A617B3DE75F2 /* Build configuration list for PBXProject "AgentRelay" */ = {
			isa = XCConfigurationList;
			buildConfigurations = (
				FBB68857FCF8B08E1EC8B38A /* Debug */,
				7CCF8500DA427A60908D7545 /* Release */,
			);
			defaultConfigurationIsVisible = 0;
			defaultConfigurationName = Debug;
		};
/* End XCConfigurationList section */

/* Begin XCLocalSwiftPackageReference section */
		6A26AD84AEDB8CC3EF7830A0 /* XCLocalSwiftPackageReference "." */ = {
			isa = XCLocalSwiftPackageReference;
			relativePath = .;
		};
/* End XCLocalSwiftPackageReference section */

/* Begin XCSwiftPackageProductDependency section */
		94C94C890571A31792889087 /* AppCore */ = {
			isa = XCSwiftPackageProductDependency;
			productName = AppCore;
		};
/* End XCSwiftPackageProductDependency section */
	};
	rootObject = B3791AC610DC5631ADAF898C /* Project object */;
}
